// !$*UTF8*$!
{
	archiveVersion = 1;
	classes = {
	};
	objectVersion = 55;
	objects = {

/* Begin PBXBuildFile section */
		470504302777917D00AD917E /* LPViewController.swift in Sources */ = {isa = PBXBuildFile; fileRef = 4705042F2777917D00AD917E /* LPViewController.swift */; };
		477AC8A22770A78300F1C4DD /* AppDelegate.swift in Sources */ = {isa = PBXBuildFile; fileRef = 477AC8A12770A78300F1C4DD /* AppDelegate.swift */; };
		477AC8A42770A78300F1C4DD /* SceneDelegate.swift in Sources */ = {isa = PBXBuildFile; fileRef = 477AC8A32770A78300F1C4DD /* SceneDelegate.swift */; };
		477AC8A62770A78300F1C4DD /* ConversationsViewController.swift in Sources */ = {isa = PBXBuildFile; fileRef = 477AC8A52770A78300F1C4DD /* ConversationsViewController.swift */; };
		477AC8A92770A78300F1C4DD /* Main.storyboard in Resources */ = {isa = PBXBuildFile; fileRef = 477AC8A72770A78300F1C4DD /* Main.storyboard */; };
		477AC8AB2770A78300F1C4DD /* Assets.xcassets in Resources */ = {isa = PBXBuildFile; fileRef = 477AC8AA2770A78300F1C4DD /* Assets.xcassets */; };
		477AC8AE2770A78300F1C4DD /* LaunchScreen.storyboard in Resources */ = {isa = PBXBuildFile; fileRef = 477AC8AC2770A78300F1C4DD /* LaunchScreen.storyboard */; };
		477AC8C22770B03B00F1C4DD /* LoginViewController.swift in Sources */ = {isa = PBXBuildFile; fileRef = 477AC8C12770B03B00F1C4DD /* LoginViewController.swift */; };
		477AC8C42770B04600F1C4DD /* RegisterViewController.swift in Sources */ = {isa = PBXBuildFile; fileRef = 477AC8C32770B04600F1C4DD /* RegisterViewController.swift */; };
		477AC8CA2770B09500F1C4DD /* HomeViewController.swift in Sources */ = {isa = PBXBuildFile; fileRef = 477AC8C92770B09500F1C4DD /* HomeViewController.swift */; };
		477AC8CC2770B09F00F1C4DD /* ProfileViewController.swift in Sources */ = {isa = PBXBuildFile; fileRef = 477AC8CB2770B09F00F1C4DD /* ProfileViewController.swift */; };
		477AC8CE2770B0AC00F1C4DD /* AllEventsViewController.swift in Sources */ = {isa = PBXBuildFile; fileRef = 477AC8CD2770B0AC00F1C4DD /* AllEventsViewController.swift */; };
		477AC8D02770B0B700F1C4DD /* MyEventsViewController.swift in Sources */ = {isa = PBXBuildFile; fileRef = 477AC8CF2770B0B700F1C4DD /* MyEventsViewController.swift */; };
		477AC8D22770B0DA00F1C4DD /* NewConversationViewController.swift in Sources */ = {isa = PBXBuildFile; fileRef = 477AC8D12770B0DA00F1C4DD /* NewConversationViewController.swift */; };
		477AC8D42770B29200F1C4DD /* Extensions.swift in Sources */ = {isa = PBXBuildFile; fileRef = 477AC8D32770B29200F1C4DD /* Extensions.swift */; };
		477AC8D92770B34000F1C4DD /* Mulish-Regular.ttf in Resources */ = {isa = PBXBuildFile; fileRef = 477AC8D62770B34000F1C4DD /* Mulish-Regular.ttf */; };
		477AC8DA2770B34000F1C4DD /* Mulish-Bold.ttf in Resources */ = {isa = PBXBuildFile; fileRef = 477AC8D72770B34000F1C4DD /* Mulish-Bold.ttf */; };
		477AC8DB2770B34000F1C4DD /* Mulish-Italic.ttf in Resources */ = {isa = PBXBuildFile; fileRef = 477AC8D82770B34000F1C4DD /* Mulish-Italic.ttf */; };
		477AC8DF2773BD1800F1C4DD /* GoogleService-Info.plist in Resources */ = {isa = PBXBuildFile; fileRef = 477AC8DE2773BD1800F1C4DD /* GoogleService-Info.plist */; };
		477AC8E1277478DF00F1C4DD /* DataBaseManager.swift in Sources */ = {isa = PBXBuildFile; fileRef = 477AC8E0277478DF00F1C4DD /* DataBaseManager.swift */; };
		477AC8E52777252D00F1C4DD /* LaunchScreen.swift in Sources */ = {isa = PBXBuildFile; fileRef = 477AC8E42777252D00F1C4DD /* LaunchScreen.swift */; };
		47D2191A277869D4006CBC2E /* LaunchViewController.swift in Sources */ = {isa = PBXBuildFile; fileRef = 47D21919277869D4006CBC2E /* LaunchViewController.swift */; };
		47D2191C27786BCA006CBC2E /* TabBarViewController.swift in Sources */ = {isa = PBXBuildFile; fileRef = 47D2191B27786BCA006CBC2E /* TabBarViewController.swift */; };
		47D219202778AA38006CBC2E /* Event.swift in Sources */ = {isa = PBXBuildFile; fileRef = 47D2191F2778AA38006CBC2E /* Event.swift */; };
		8A0525E7E8A7ED1539723049 /* Pods_ComSpace_v4.framework in Frameworks */ = {isa = PBXBuildFile; fileRef = 19DF63FCC8FDD282A8E64EDB /* Pods_ComSpace_v4.framework */; };
/* End PBXBuildFile section */

/* Begin PBXFileReference section */
		19DF63FCC8FDD282A8E64EDB /* Pods_ComSpace_v4.framework */ = {isa = PBXFileReference; explicitFileType = wrapper.framework; includeInIndex = 0; path = Pods_ComSpace_v4.framework; sourceTree = BUILT_PRODUCTS_DIR; };
		4705042F2777917D00AD917E /* LPViewController.swift */ = {isa = PBXFileReference; lastKnownFileType = sourcecode.swift; path = LPViewController.swift; sourceTree = "<group>"; };
		477AC89E2770A78300F1C4DD /* ComSpace_v4.app */ = {isa = PBXFileReference; explicitFileType = wrapper.application; includeInIndex = 0; path = ComSpace_v4.app; sourceTree = BUILT_PRODUCTS_DIR; };
		477AC8A12770A78300F1C4DD /* AppDelegate.swift */ = {isa = PBXFileReference; lastKnownFileType = sourcecode.swift; path = AppDelegate.swift; sourceTree = "<group>"; };
		477AC8A32770A78300F1C4DD /* SceneDelegate.swift */ = {isa = PBXFileReference; lastKnownFileType = sourcecode.swift; path = SceneDelegate.swift; sourceTree = "<group>"; };
		477AC8A52770A78300F1C4DD /* ConversationsViewController.swift */ = {isa = PBXFileReference; lastKnownFileType = sourcecode.swift; path = ConversationsViewController.swift; sourceTree = "<group>"; };
		477AC8A82770A78300F1C4DD /* Base */ = {isa = PBXFileReference; lastKnownFileType = file.storyboard; name = Base; path = Base.lproj/Main.storyboard; sourceTree = "<group>"; };
		477AC8AA2770A78300F1C4DD /* Assets.xcassets */ = {isa = PBXFileReference; lastKnownFileType = folder.assetcatalog; path = Assets.xcassets; sourceTree = "<group>"; };
		477AC8AD2770A78300F1C4DD /* Base */ = {isa = PBXFileReference; lastKnownFileType = file.storyboard; name = Base; path = Base.lproj/LaunchScreen.storyboard; sourceTree = "<group>"; };
		477AC8AF2770A78300F1C4DD /* Info.plist */ = {isa = PBXFileReference; lastKnownFileType = text.plist.xml; path = Info.plist; sourceTree = "<group>"; };
		477AC8C12770B03B00F1C4DD /* LoginViewController.swift */ = {isa = PBXFileReference; lastKnownFileType = sourcecode.swift; path = LoginViewController.swift; sourceTree = "<group>"; };
		477AC8C32770B04600F1C4DD /* RegisterViewController.swift */ = {isa = PBXFileReference; lastKnownFileType = sourcecode.swift; path = RegisterViewController.swift; sourceTree = "<group>"; };
		477AC8C92770B09500F1C4DD /* HomeViewController.swift */ = {isa = PBXFileReference; lastKnownFileType = sourcecode.swift; path = HomeViewController.swift; sourceTree = "<group>"; };
		477AC8CB2770B09F00F1C4DD /* ProfileViewController.swift */ = {isa = PBXFileReference; lastKnownFileType = sourcecode.swift; path = ProfileViewController.swift; sourceTree = "<group>"; };
		477AC8CD2770B0AC00F1C4DD /* AllEventsViewController.swift */ = {isa = PBXFileReference; lastKnownFileType = sourcecode.swift; path = AllEventsViewController.swift; sourceTree = "<group>"; };
		477AC8CF2770B0B700F1C4DD /* MyEventsViewController.swift */ = {isa = PBXFileReference; lastKnownFileType = sourcecode.swift; path = MyEventsViewController.swift; sourceTree = "<group>"; };
		477AC8D12770B0DA00F1C4DD /* NewConversationViewController.swift */ = {isa = PBXFileReference; lastKnownFileType = sourcecode.swift; path = NewConversationViewController.swift; sourceTree = "<group>"; };
		477AC8D32770B29200F1C4DD /* Extensions.swift */ = {isa = PBXFileReference; lastKnownFileType = sourcecode.swift; path = Extensions.swift; sourceTree = "<group>"; };
		477AC8D62770B34000F1C4DD /* Mulish-Regular.ttf */ = {isa = PBXFileReference; lastKnownFileType = file; path = "Mulish-Regular.ttf"; sourceTree = "<group>"; };
		477AC8D72770B34000F1C4DD /* Mulish-Bold.ttf */ = {isa = PBXFileReference; lastKnownFileType = file; path = "Mulish-Bold.ttf"; sourceTree = "<group>"; };
		477AC8D82770B34000F1C4DD /* Mulish-Italic.ttf */ = {isa = PBXFileReference; lastKnownFileType = file; path = "Mulish-Italic.ttf"; sourceTree = "<group>"; };
		477AC8DE2773BD1800F1C4DD /* GoogleService-Info.plist */ = {isa = PBXFileReference; fileEncoding = 4; lastKnownFileType = text.plist.xml; path = "GoogleService-Info.plist"; sourceTree = "<group>"; };
		477AC8E0277478DF00F1C4DD /* DataBaseManager.swift */ = {isa = PBXFileReference; lastKnownFileType = sourcecode.swift; path = DataBaseManager.swift; sourceTree = "<group>"; };
		477AC8E42777252D00F1C4DD /* LaunchScreen.swift */ = {isa = PBXFileReference; lastKnownFileType = sourcecode.swift; path = LaunchScreen.swift; sourceTree = "<group>"; };
		47D21919277869D4006CBC2E /* LaunchViewController.swift */ = {isa = PBXFileReference; lastKnownFileType = sourcecode.swift; path = LaunchViewController.swift; sourceTree = "<group>"; };
		47D2191B27786BCA006CBC2E /* TabBarViewController.swift */ = {isa = PBXFileReference; lastKnownFileType = sourcecode.swift; path = TabBarViewController.swift; sourceTree = "<group>"; };
		47D2191F2778AA38006CBC2E /* Event.swift */ = {isa = PBXFileReference; lastKnownFileType = sourcecode.swift; path = Event.swift; sourceTree = "<group>"; };
		51A5379A7829034FFBAF968E /* Pods-ComSpace_v4.debug.xcconfig */ = {isa = PBXFileReference; includeInIndex = 1; lastKnownFileType = text.xcconfig; name = "Pods-ComSpace_v4.debug.xcconfig"; path = "Target Support Files/Pods-ComSpace_v4/Pods-ComSpace_v4.debug.xcconfig"; sourceTree = "<group>"; };
		5FAD5FE34DA42BB507204B9F /* Pods-ComSpace_v4.release.xcconfig */ = {isa = PBXFileReference; includeInIndex = 1; lastKnownFileType = text.xcconfig; name = "Pods-ComSpace_v4.release.xcconfig"; path = "Target Support Files/Pods-ComSpace_v4/Pods-ComSpace_v4.release.xcconfig"; sourceTree = "<group>"; };
/* End PBXFileReference section */

/* Begin PBXFrameworksBuildPhase section */
		477AC89B2770A78300F1C4DD /* Frameworks */ = {
			isa = PBXFrameworksBuildPhase;
			buildActionMask = 2147483647;
			files = (
				8A0525E7E8A7ED1539723049 /* Pods_ComSpace_v4.framework in Frameworks */,
			);
			runOnlyForDeploymentPostprocessing = 0;
		};
/* End PBXFrameworksBuildPhase section */

/* Begin PBXGroup section */
		2162F369B1911DB1D5BAA24B /* Frameworks */ = {
			isa = PBXGroup;
			children = (
				19DF63FCC8FDD282A8E64EDB /* Pods_ComSpace_v4.framework */,
			);
			name = Frameworks;
			sourceTree = "<group>";
		};
		477AC8952770A78300F1C4DD = {
			isa = PBXGroup;
			children = (
				477AC8A02770A78300F1C4DD /* ComSpace_v4 */,
				477AC89F2770A78300F1C4DD /* Products */,
				77B3DF1B676729A90DFC0E64 /* Pods */,
				2162F369B1911DB1D5BAA24B /* Frameworks */,
			);
			sourceTree = "<group>";
		};
		477AC89F2770A78300F1C4DD /* Products */ = {
			isa = PBXGroup;
			children = (
				477AC89E2770A78300F1C4DD /* ComSpace_v4.app */,
			);
			name = Products;
			sourceTree = "<group>";
		};
		477AC8A02770A78300F1C4DD /* ComSpace_v4 */ = {
			isa = PBXGroup;
			children = (
				477AC8AA2770A78300F1C4DD /* Assets.xcassets */,
				477AC8B82770AEEB00F1C4DD /* Resources */,
				477AC8B92770AEF400F1C4DD /* Controllers */,
				477AC8BB2770AF0300F1C4DD /* ViewModels */,
				477AC8BA2770AEFD00F1C4DD /* Views */,
				477AC8AF2770A78300F1C4DD /* Info.plist */,
				477AC8DE2773BD1800F1C4DD /* GoogleService-Info.plist */,
			);
			path = ComSpace_v4;
			sourceTree = "<group>";
		};
		477AC8B82770AEEB00F1C4DD /* Resources */ = {
			isa = PBXGroup;
			children = (
				477AC8D52770B30700F1C4DD /* Fonts */,
				477AC8A12770A78300F1C4DD /* AppDelegate.swift */,
				477AC8A32770A78300F1C4DD /* SceneDelegate.swift */,
				477AC8D32770B29200F1C4DD /* Extensions.swift */,
				477AC8E0277478DF00F1C4DD /* DataBaseManager.swift */,
			);
			path = Resources;
			sourceTree = "<group>";
		};
		477AC8B92770AEF400F1C4DD /* Controllers */ = {
			isa = PBXGroup;
			children = (
				477AC8C02770B02900F1C4DD /* Login */,
				477AC8A52770A78300F1C4DD /* ConversationsViewController.swift */,
				477AC8C92770B09500F1C4DD /* HomeViewController.swift */,
				477AC8CB2770B09F00F1C4DD /* ProfileViewController.swift */,
				477AC8CD2770B0AC00F1C4DD /* AllEventsViewController.swift */,
				477AC8CF2770B0B700F1C4DD /* MyEventsViewController.swift */,
				477AC8D12770B0DA00F1C4DD /* NewConversationViewController.swift */,
				477AC8E42777252D00F1C4DD /* LaunchScreen.swift */,
				4705042F2777917D00AD917E /* LPViewController.swift */,
				47D21919277869D4006CBC2E /* LaunchViewController.swift */,
				47D2191B27786BCA006CBC2E /* TabBarViewController.swift */,
			);
			path = Controllers;
			sourceTree = "<group>";
		};
		477AC8BA2770AEFD00F1C4DD /* Views */ = {
			isa = PBXGroup;
			children = (
				477AC8BC2770AF4600F1C4DD /* Storyboards */,
			);
			path = Views;
			sourceTree = "<group>";
		};
		477AC8BB2770AF0300F1C4DD /* ViewModels */ = {
			isa = PBXGroup;
			children = (
				47D2191F2778AA38006CBC2E /* Event.swift */,
			);
			path = ViewModels;
			sourceTree = "<group>";
		};
		477AC8BC2770AF4600F1C4DD /* Storyboards */ = {
			isa = PBXGroup;
			children = (
				477AC8A72770A78300F1C4DD /* Main.storyboard */,
				477AC8AC2770A78300F1C4DD /* LaunchScreen.storyboard */,
			);
			path = Storyboards;
			sourceTree = "<group>";
		};
		477AC8C02770B02900F1C4DD /* Login */ = {
			isa = PBXGroup;
			children = (
				477AC8C12770B03B00F1C4DD /* LoginViewController.swift */,
				477AC8C32770B04600F1C4DD /* RegisterViewController.swift */,
			);
			path = Login;
			sourceTree = "<group>";
		};
		477AC8D52770B30700F1C4DD /* Fonts */ = {
			isa = PBXGroup;
			children = (
				477AC8D72770B34000F1C4DD /* Mulish-Bold.ttf */,
				477AC8D82770B34000F1C4DD /* Mulish-Italic.ttf */,
				477AC8D62770B34000F1C4DD /* Mulish-Regular.ttf */,
			);
			path = Fonts;
			sourceTree = "<group>";
		};
		77B3DF1B676729A90DFC0E64 /* Pods */ = {
			isa = PBXGroup;
			children = (
				51A5379A7829034FFBAF968E /* Pods-ComSpace_v4.debug.xcconfig */,
				5FAD5FE34DA42BB507204B9F /* Pods-ComSpace_v4.release.xcconfig */,
			);
			path = Pods;
			sourceTree = "<group>";
		};
/* End PBXGroup section */

/* Begin PBXNativeTarget section */
		477AC89D2770A78300F1C4DD /* ComSpace_v4 */ = {
			isa = PBXNativeTarget;
			buildConfigurationList = 477AC8B22770A78300F1C4DD /* Build configuration list for PBXNativeTarget "ComSpace_v4" */;
			buildPhases = (
				C3475297695C8BFD6EA6A2E6 /* [CP] Check Pods Manifest.lock */,
				477AC89A2770A78300F1C4DD /* Sources */,
				477AC89B2770A78300F1C4DD /* Frameworks */,
				477AC89C2770A78300F1C4DD /* Resources */,
				3461F5580EA9E8F7F89E91C0 /* [CP] Embed Pods Frameworks */,
			);
			buildRules = (
			);
			dependencies = (
			);
			name = ComSpace_v4;
			productName = ComSpace_v4;
			productReference = 477AC89E2770A78300F1C4DD /* ComSpace_v4.app */;
			productType = "com.apple.product-type.application";
		};
/* End PBXNativeTarget section */

/* Begin PBXProject section */
		477AC8962770A78300F1C4DD /* Project object */ = {
			isa = PBXProject;
			attributes = {
				BuildIndependentTargetsInParallel = 1;
				LastSwiftUpdateCheck = 1300;
				LastUpgradeCheck = 1300;
				TargetAttributes = {
					477AC89D2770A78300F1C4DD = {
						CreatedOnToolsVersion = 13.0;
					};
				};
			};
			buildConfigurationList = 477AC8992770A78300F1C4DD /* Build configuration list for PBXProject "ComSpace_v4" */;
			compatibilityVersion = "Xcode 13.0";
			developmentRegion = en;
			hasScannedForEncodings = 0;
			knownRegions = (
				en,
				Base,
			);
			mainGroup = 477AC8952770A78300F1C4DD;
			productRefGroup = 477AC89F2770A78300F1C4DD /* Products */;
			projectDirPath = "";
			projectRoot = "";
			targets = (
				477AC89D2770A78300F1C4DD /* ComSpace_v4 */,
			);
		};
/* End PBXProject section */

/* Begin PBXResourcesBuildPhase section */
		477AC89C2770A78300F1C4DD /* Resources */ = {
			isa = PBXResourcesBuildPhase;
			buildActionMask = 2147483647;
			files = (
				477AC8DB2770B34000F1C4DD /* Mulish-Italic.ttf in Resources */,
				477AC8AE2770A78300F1C4DD /* LaunchScreen.storyboard in Resources */,
				477AC8AB2770A78300F1C4DD /* Assets.xcassets in Resources */,
				477AC8A92770A78300F1C4DD /* Main.storyboard in Resources */,
				477AC8DA2770B34000F1C4DD /* Mulish-Bold.ttf in Resources */,
				477AC8D92770B34000F1C4DD /* Mulish-Regular.ttf in Resources */,
				477AC8DF2773BD1800F1C4DD /* GoogleService-Info.plist in Resources */,
			);
			runOnlyForDeploymentPostprocessing = 0;
		};
/* End PBXResourcesBuildPhase section */

/* Begin PBXShellScriptBuildPhase section */
		3461F5580EA9E8F7F89E91C0 /* [CP] Embed Pods Frameworks */ = {
			isa = PBXShellScriptBuildPhase;
			buildActionMask = 2147483647;
			files = (
			);
			inputFileListPaths = (
				"${PODS_ROOT}/Target Support Files/Pods-ComSpace_v4/Pods-ComSpace_v4-frameworks-${CONFIGURATION}-input-files.xcfilelist",
			);
			name = "[CP] Embed Pods Frameworks";
			outputFileListPaths = (
				"${PODS_ROOT}/Target Support Files/Pods-ComSpace_v4/Pods-ComSpace_v4-frameworks-${CONFIGURATION}-output-files.xcfilelist",
			);
			runOnlyForDeploymentPostprocessing = 0;
			shellPath = /bin/sh;
			shellScript = "\"${PODS_ROOT}/Target Support Files/Pods-ComSpace_v4/Pods-ComSpace_v4-frameworks.sh\"\n";
			showEnvVarsInLog = 0;
		};
		C3475297695C8BFD6EA6A2E6 /* [CP] Check Pods Manifest.lock */ = {
			isa = PBXShellScriptBuildPhase;
			buildActionMask = 2147483647;
			files = (
			);
			inputFileListPaths = (
			);
			inputPaths = (
				"${PODS_PODFILE_DIR_PATH}/Podfile.lock",
				"${PODS_ROOT}/Manifest.lock",
			);
			name = "[CP] Check Pods Manifest.lock";
			outputFileListPaths = (
			);
			outputPaths = (
				"$(DERIVED_FILE_DIR)/Pods-ComSpace_v4-checkManifestLockResult.txt",
			);
			runOnlyForDeploymentPostprocessing = 0;
			shellPath = /bin/sh;
			shellScript = "diff \"${PODS_PODFILE_DIR_PATH}/Podfile.lock\" \"${PODS_ROOT}/Manifest.lock\" > /dev/null\nif [ $? != 0 ] ; then\n    # print error to STDERR\n    echo \"error: The sandbox is not in sync with the Podfile.lock. Run 'pod install' or update your CocoaPods installation.\" >&2\n    exit 1\nfi\n# This output is used by Xcode 'outputs' to avoid re-running this script phase.\necho \"SUCCESS\" > \"${SCRIPT_OUTPUT_FILE_0}\"\n";
			showEnvVarsInLog = 0;
		};
/* End PBXShellScriptBuildPhase section */

/* Begin PBXSourcesBuildPhase section */
		477AC89A2770A78300F1C4DD /* Sources */ = {
			isa = PBXSourcesBuildPhase;
			buildActionMask = 2147483647;
			files = (
				477AC8C22770B03B00F1C4DD /* LoginViewController.swift in Sources */,
				47D2191A277869D4006CBC2E /* LaunchViewController.swift in Sources */,
				477AC8CE2770B0AC00F1C4DD /* AllEventsViewController.swift in Sources */,
				477AC8E52777252D00F1C4DD /* LaunchScreen.swift in Sources */,
				47D2191C27786BCA006CBC2E /* TabBarViewController.swift in Sources */,
				477AC8C42770B04600F1C4DD /* RegisterViewController.swift in Sources */,
				47D219202778AA38006CBC2E /* Event.swift in Sources */,
				477AC8A62770A78300F1C4DD /* ConversationsViewController.swift in Sources */,
				477AC8E1277478DF00F1C4DD /* DataBaseManager.swift in Sources */,
				477AC8CA2770B09500F1C4DD /* HomeViewController.swift in Sources */,
				477AC8D22770B0DA00F1C4DD /* NewConversationViewController.swift in Sources */,
				477AC8A22770A78300F1C4DD /* AppDelegate.swift in Sources */,
				477AC8D42770B29200F1C4DD /* Extensions.swift in Sources */,
				477AC8CC2770B09F00F1C4DD /* ProfileViewController.swift in Sources */,
				470504302777917D00AD917E /* LPViewController.swift in Sources */,
				477AC8A42770A78300F1C4DD /* SceneDelegate.swift in Sources */,
				477AC8D02770B0B700F1C4DD /* MyEventsViewController.swift in Sources */,
			);
			runOnlyForDeploymentPostprocessing = 0;
		};
/* End PBXSourcesBuildPhase section */

/* Begin PBXVariantGroup section */
		477AC8A72770A78300F1C4DD /* Main.storyboard */ = {
			isa = PBXVariantGroup;
			children = (
				477AC8A82770A78300F1C4DD /* Base */,
			);
			name = Main.storyboard;
			sourceTree = "<group>";
		};
		477AC8AC2770A78300F1C4DD /* LaunchScreen.storyboard */ = {
			isa = PBXVariantGroup;
			children = (
				477AC8AD2770A78300F1C4DD /* Base */,
			);
			name = LaunchScreen.storyboard;
			sourceTree = "<group>";
		};
/* End PBXVariantGroup section */

/* Begin XCBuildConfiguration section */
		477AC8B02770A78300F1C4DD /* Debug */ = {
			isa = XCBuildConfiguration;
			buildSettings = {
				ALWAYS_SEARCH_USER_PATHS = NO;
				CLANG_ANALYZER_NONNULL = YES;
				CLANG_ANALYZER_NUMBER_OBJECT_CONVERSION = YES_AGGRESSIVE;
				CLANG_CXX_LANGUAGE_STANDARD = "gnu++17";
				CLANG_CXX_LIBRARY = "libc++";
				CLANG_ENABLE_MODULES = YES;
				CLANG_ENABLE_OBJC_ARC = YES;
				CLANG_ENABLE_OBJC_WEAK = YES;
				CLANG_WARN_BLOCK_CAPTURE_AUTORELEASING = YES;
				CLANG_WARN_BOOL_CONVERSION = YES;
				CLANG_WARN_COMMA = YES;
				CLANG_WARN_CONSTANT_CONVERSION = YES;
				CLANG_WARN_DEPRECATED_OBJC_IMPLEMENTATIONS = YES;
				CLANG_WARN_DIRECT_OBJC_ISA_USAGE = YES_ERROR;
				CLANG_WARN_DOCUMENTATION_COMMENTS = YES;
				CLANG_WARN_EMPTY_BODY = YES;
				CLANG_WARN_ENUM_CONVERSION = YES;
				CLANG_WARN_INFINITE_RECURSION = YES;
				CLANG_WARN_INT_CONVERSION = YES;
				CLANG_WARN_NON_LITERAL_NULL_CONVERSION = YES;
				CLANG_WARN_OBJC_IMPLICIT_RETAIN_SELF = YES;
				CLANG_WARN_OBJC_LITERAL_CONVERSION = YES;
				CLANG_WARN_OBJC_ROOT_CLASS = YES_ERROR;
				CLANG_WARN_QUOTED_INCLUDE_IN_FRAMEWORK_HEADER = YES;
				CLANG_WARN_RANGE_LOOP_ANALYSIS = YES;
				CLANG_WARN_STRICT_PROTOTYPES = YES;
				CLANG_WARN_SUSPICIOUS_MOVE = YES;
				CLANG_WARN_UNGUARDED_AVAILABILITY = YES_AGGRESSIVE;
				CLANG_WARN_UNREACHABLE_CODE = YES;
				CLANG_WARN__DUPLICATE_METHOD_MATCH = YES;
				COPY_PHASE_STRIP = NO;
				DEBUG_INFORMATION_FORMAT = dwarf;
				ENABLE_STRICT_OBJC_MSGSEND = YES;
				ENABLE_TESTABILITY = YES;
				EXCLUDED_ARCHS = "";
				"EXCLUDED_ARCHS[sdk=iphonesimulator*]" = arm64;
				GCC_C_LANGUAGE_STANDARD = gnu11;
				GCC_DYNAMIC_NO_PIC = NO;
				GCC_NO_COMMON_BLOCKS = YES;
				GCC_OPTIMIZATION_LEVEL = 0;
				GCC_PREPROCESSOR_DEFINITIONS = (
					"DEBUG=1",
					"$(inherited)",
				);
				GCC_WARN_64_TO_32_BIT_CONVERSION = YES;
				GCC_WARN_ABOUT_RETURN_TYPE = YES_ERROR;
				GCC_WARN_UNDECLARED_SELECTOR = YES;
				GCC_WARN_UNINITIALIZED_AUTOS = YES_AGGRESSIVE;
				GCC_WARN_UNUSED_FUNCTION = YES;
				GCC_WARN_UNUSED_VARIABLE = YES;
				IPHONEOS_DEPLOYMENT_TARGET = 13.0;
				MTL_ENABLE_DEBUG_INFO = INCLUDE_SOURCE;
				MTL_FAST_MATH = YES;
				ONLY_ACTIVE_ARCH = YES;
				SDKROOT = iphoneos;
				SWIFT_ACTIVE_COMPILATION_CONDITIONS = DEBUG;
				SWIFT_OPTIMIZATION_LEVEL = "-Onone";
				VALIDATE_WORKSPACE = NO;
			};
			name = Debug;
		};
		477AC8B12770A78300F1C4DD /* Release */ = {
			isa = XCBuildConfiguration;
			buildSettings = {
				ALWAYS_SEARCH_USER_PATHS = NO;
				CLANG_ANALYZER_NONNULL = YES;
				CLANG_ANALYZER_NUMBER_OBJECT_CONVERSION = YES_AGGRESSIVE;
				CLANG_CXX_LANGUAGE_STANDARD = "gnu++17";
				CLANG_CXX_LIBRARY = "libc++";
				CLANG_ENABLE_MODULES = YES;
				CLANG_ENABLE_OBJC_ARC = YES;
				CLANG_ENABLE_OBJC_WEAK = YES;
				CLANG_WARN_BLOCK_CAPTURE_AUTORELEASING = YES;
				CLANG_WARN_BOOL_CONVERSION = YES;
				CLANG_WARN_COMMA = YES;
				CLANG_WARN_CONSTANT_CONVERSION = YES;
				CLANG_WARN_DEPRECATED_OBJC_IMPLEMENTATIONS = YES;
				CLANG_WARN_DIRECT_OBJC_ISA_USAGE = YES_ERROR;
				CLANG_WARN_DOCUMENTATION_COMMENTS = YES;
				CLANG_WARN_EMPTY_BODY = YES;
				CLANG_WARN_ENUM_CONVERSION = YES;
				CLANG_WARN_INFINITE_RECURSION = YES;
				CLANG_WARN_INT_CONVERSION = YES;
				CLANG_WARN_NON_LITERAL_NULL_CONVERSION = YES;
				CLANG_WARN_OBJC_IMPLICIT_RETAIN_SELF = YES;
				CLANG_WARN_OBJC_LITERAL_CONVERSION = YES;
				CLANG_WARN_OBJC_ROOT_CLASS = YES_ERROR;
				CLANG_WARN_QUOTED_INCLUDE_IN_FRAMEWORK_HEADER = YES;
				CLANG_WARN_RANGE_LOOP_ANALYSIS = YES;
				CLANG_WARN_STRICT_PROTOTYPES = YES;
				CLANG_WARN_SUSPICIOUS_MOVE = YES;
				CLANG_WARN_UNGUARDED_AVAILABILITY = YES_AGGRESSIVE;
				CLANG_WARN_UNREACHABLE_CODE = YES;
				CLANG_WARN__DUPLICATE_METHOD_MATCH = YES;
				COPY_PHASE_STRIP = NO;
				DEBUG_INFORMATION_FORMAT = "dwarf-with-dsym";
				ENABLE_NS_ASSERTIONS = NO;
				ENABLE_STRICT_OBJC_MSGSEND = YES;
				"EXCLUDED_ARCHS[sdk=iphonesimulator*]" = arm64;
				GCC_C_LANGUAGE_STANDARD = gnu11;
				GCC_NO_COMMON_BLOCKS = YES;
				GCC_WARN_64_TO_32_BIT_CONVERSION = YES;
				GCC_WARN_ABOUT_RETURN_TYPE = YES_ERROR;
				GCC_WARN_UNDECLARED_SELECTOR = YES;
				GCC_WARN_UNINITIALIZED_AUTOS = YES_AGGRESSIVE;
				GCC_WARN_UNUSED_FUNCTION = YES;
				GCC_WARN_UNUSED_VARIABLE = YES;
				IPHONEOS_DEPLOYMENT_TARGET = 13.0;
				MTL_ENABLE_DEBUG_INFO = NO;
				MTL_FAST_MATH = YES;
				SDKROOT = iphoneos;
				SWIFT_COMPILATION_MODE = wholemodule;
				SWIFT_OPTIMIZATION_LEVEL = "-O";
				VALIDATE_PRODUCT = YES;
				VALIDATE_WORKSPACE = NO;
			};
			name = Release;
		};
		477AC8B32770A78300F1C4DD /* Debug */ = {
			isa = XCBuildConfiguration;
			baseConfigurationReference = 51A5379A7829034FFBAF968E /* Pods-ComSpace_v4.debug.xcconfig */;
			buildSettings = {
				ASSETCATALOG_COMPILER_APPICON_NAME = AppIcon;
				ASSETCATALOG_COMPILER_GLOBAL_ACCENT_COLOR_NAME = AccentColor;
				CODE_SIGN_STYLE = Automatic;
				CURRENT_PROJECT_VERSION = 1;
				DEVELOPMENT_TEAM = 758WZRQ45B;
				GENERATE_INFOPLIST_FILE = YES;
				INFOPLIST_FILE = ComSpace_v4/Info.plist;
				INFOPLIST_KEY_NSCameraUsageDescription = "Please allow access to take a profile picture";
				INFOPLIST_KEY_NSPhotoLibraryAddUsageDescription = "Please allow access to select photo for your profile";
				INFOPLIST_KEY_UIApplicationSupportsIndirectInputEvents = YES;
				INFOPLIST_KEY_UILaunchStoryboardName = LaunchScreen;
				INFOPLIST_KEY_UISupportedInterfaceOrientations = "UIInterfaceOrientationPortraitUpsideDown UIInterfaceOrientationPortrait";
				INFOPLIST_KEY_UISupportedInterfaceOrientations_iPad = "UIInterfaceOrientationPortrait UIInterfaceOrientationPortraitUpsideDown UIInterfaceOrientationLandscapeLeft UIInterfaceOrientationLandscapeRight";
				INFOPLIST_KEY_UISupportedInterfaceOrientations_iPhone = "UIInterfaceOrientationPortrait UIInterfaceOrientationLandscapeLeft UIInterfaceOrientationLandscapeRight";
				IPHONEOS_DEPLOYMENT_TARGET = 13.0;
				LD_RUNPATH_SEARCH_PATHS = (
					"$(inherited)",
					"@executable_path/Frameworks",
				);
				MARKETING_VERSION = 1.0;
				PRODUCT_BUNDLE_IDENTIFIER = "com.example.Something.ComSpace-v4";
				PRODUCT_NAME = "$(TARGET_NAME)";
				SWIFT_EMIT_LOC_STRINGS = YES;
				SWIFT_VERSION = 5.0;
				TARGETED_DEVICE_FAMILY = "1,2";
			};
			name = Debug;
		};
		477AC8B42770A78300F1C4DD /* Release */ = {
			isa = XCBuildConfiguration;
			baseConfigurationReference = 5FAD5FE34DA42BB507204B9F /* Pods-ComSpace_v4.release.xcconfig */;
			buildSettings = {
				ASSETCATALOG_COMPILER_APPICON_NAME = AppIcon;
				ASSETCATALOG_COMPILER_GLOBAL_ACCENT_COLOR_NAME = AccentColor;
				CODE_SIGN_STYLE = Automatic;
				CURRENT_PROJECT_VERSION = 1;
				DEVELOPMENT_TEAM = 758WZRQ45B;
				GENERATE_INFOPLIST_FILE = YES;
				INFOPLIST_FILE = ComSpace_v4/Info.plist;
				INFOPLIST_KEY_NSCameraUsageDescription = "Please allow access to take a profile picture";
				INFOPLIST_KEY_NSPhotoLibraryAddUsageDescription = "Please allow access to select photo for your profile";
				INFOPLIST_KEY_UIApplicationSupportsIndirectInputEvents = YES;
				INFOPLIST_KEY_UILaunchStoryboardName = LaunchScreen;
				INFOPLIST_KEY_UISupportedInterfaceOrientations = "UIInterfaceOrientationPortraitUpsideDown UIInterfaceOrientationPortrait";
				INFOPLIST_KEY_UISupportedInterfaceOrientations_iPad = "UIInterfaceOrientationPortrait UIInterfaceOrientationPortraitUpsideDown UIInterfaceOrientationLandscapeLeft UIInterfaceOrientationLandscapeRight";
				INFOPLIST_KEY_UISupportedInterfaceOrientations_iPhone = "UIInterfaceOrientationPortrait UIInterfaceOrientationLandscapeLeft UIInterfaceOrientationLandscapeRight";
				IPHONEOS_DEPLOYMENT_TARGET = 13.0;
				LD_RUNPATH_SEARCH_PATHS = (
					"$(inherited)",
					"@executable_path/Frameworks",
				);
				MARKETING_VERSION = 1.0;
				PRODUCT_BUNDLE_IDENTIFIER = "com.example.Something.ComSpace-v4";
				PRODUCT_NAME = "$(TARGET_NAME)";
				SWIFT_EMIT_LOC_STRINGS = YES;
				SWIFT_VERSION = 5.0;
				TARGETED_DEVICE_FAMILY = "1,2";
			};
			name = Release;
		};
/* End XCBuildConfiguration section */

/* Begin XCConfigurationList section */
		477AC8992770A78300F1C4DD /* Build configuration list for PBXProject "ComSpace_v4" */ = {
			isa = XCConfigurationList;
			buildConfigurations = (
				477AC8B02770A78300F1C4DD /* Debug */,
				477AC8B12770A78300F1C4DD /* Release */,
			);
			defaultConfigurationIsVisible = 0;
			defaultConfigurationName = Release;
		};
		477AC8B22770A78300F1C4DD /* Build configuration list for PBXNativeTarget "ComSpace_v4" */ = {
			isa = XCConfigurationList;
			buildConfigurations = (
				477AC8B32770A78300F1C4DD /* Debug */,
				477AC8B42770A78300F1C4DD /* Release */,
			);
			defaultConfigurationIsVisible = 0;
			defaultConfigurationName = Release;
		};
/* End XCConfigurationList section */
	};
	rootObject = 477AC8962770A78300F1C4DD /* Project object */;
}
